{
  "name": "pegs-game",
  "version": "1.0.0",
  "lockfileVersion": 2,
  "requires": true,
  "packages": {
    "": {
      "name": "pegs-game",
      "version": "1.0.0",
      "license": "ISC"
    },
    "shared": {
      "name": "@shared/types",
      "version": "1.0.0",
      "extraneous": true,
      "license": "ISC"
    }
  }
}
